// !$*UTF8*$!
{
	archiveVersion = 1;
	classes = {
	};
	objectVersion = 46;
	objects = {

/* Begin PBXBuildFile section */
		4006C7C51DABC6D100294FE4 /* main.m in Sources */ = {isa = PBXBuildFile; fileRef = 4006C7C41DABC6D100294FE4 /* main.m */; };
		4006C7C81DABC6D100294FE4 /* AppDelegate.m in Sources */ = {isa = PBXBuildFile; fileRef = 4006C7C71DABC6D100294FE4 /* AppDelegate.m */; };
		4006C7CB1DABC6D100294FE4 /* ViewController.m in Sources */ = {isa = PBXBuildFile; fileRef = 4006C7CA1DABC6D100294FE4 /* ViewController.m */; };
		4006C7CE1DABC6D100294FE4 /* Main.storyboard in Resources */ = {isa = PBXBuildFile; fileRef = 4006C7CC1DABC6D100294FE4 /* Main.storyboard */; };
		4006C7D01DABC6D100294FE4 /* Assets.xcassets in Resources */ = {isa = PBXBuildFile; fileRef = 4006C7CF1DABC6D100294FE4 /* Assets.xcassets */; };
		4006C7D31DABC6D100294FE4 /* LaunchScreen.storyboard in Resources */ = {isa = PBXBuildFile; fileRef = 4006C7D11DABC6D100294FE4 /* LaunchScreen.storyboard */; };
		4006C7DE1DABC6D100294FE4 /* TestAppTests.m in Sources */ = {isa = PBXBuildFile; fileRef = 4006C7DD1DABC6D100294FE4 /* TestAppTests.m */; };
		4006C7E91DABC6D100294FE4 /* TestAppUITests.m in Sources */ = {isa = PBXBuildFile; fileRef = 4006C7E81DABC6D100294FE4 /* TestAppUITests.m */; };
		4ED3F259F97647BCF2A1F7D6 /* libPods-TestAppTests.a in Frameworks */ = {isa = PBXBuildFile; fileRef = 663105E76265AC5BBE9A0EFA /* libPods-TestAppTests.a */; };
		6F29B77AEF3EA22DE715C3CE /* libPods-TestApp.a in Frameworks */ = {isa = PBXBuildFile; fileRef = 7027537C667BE254CB38B4FC /* libPods-TestApp.a */; };
		A51621D71DB028280E42DF71 /* libPods-TestAppUITests.a in Frameworks */ = {isa = PBXBuildFile; fileRef = BFD08C04BFC4C9BC922D5A21 /* libPods-TestAppUITests.a */; };
/* End PBXBuildFile section */

/* Begin PBXContainerItemProxy section */
		4006C7DA1DABC6D100294FE4 /* PBXContainerItemProxy */ = {
			isa = PBXContainerItemProxy;
			containerPortal = 4006C7B81DABC6D000294FE4 /* Project object */;
			proxyType = 1;
			remoteGlobalIDString = 4006C7BF1DABC6D000294FE4;
			remoteInfo = TestApp;
		};
		4006C7E51DABC6D100294FE4 /* PBXContainerItemProxy */ = {
			isa = PBXContainerItemProxy;
			containerPortal = 4006C7B81DABC6D000294FE4 /* Project object */;
			proxyType = 1;
			remoteGlobalIDString = 4006C7BF1DABC6D000294FE4;
			remoteInfo = TestApp;
		};
/* End PBXContainerItemProxy section */

/* Begin PBXFileReference section */
		17443BAD55B26D236CBF6C17 /* Pods-TestAppTests.release.xcconfig */ = {isa = PBXFileReference; includeInIndex = 1; lastKnownFileType = text.xcconfig; name = "Pods-TestAppTests.release.xcconfig"; path = "Pods/Target Support Files/Pods-TestAppTests/Pods-TestAppTests.release.xcconfig"; sourceTree = "<group>"; };
		3B71425EF808B144C99AA2F7 /* Pods-TestAppUITests.debug.xcconfig */ = {isa = PBXFileReference; includeInIndex = 1; lastKnownFileType = text.xcconfig; name = "Pods-TestAppUITests.debug.xcconfig"; path = "Pods/Target Support Files/Pods-TestAppUITests/Pods-TestAppUITests.debug.xcconfig"; sourceTree = "<group>"; };
		4006C7C01DABC6D100294FE4 /* TestApp.app */ = {isa = PBXFileReference; explicitFileType = wrapper.application; includeInIndex = 0; path = TestApp.app; sourceTree = BUILT_PRODUCTS_DIR; };
		4006C7C41DABC6D100294FE4 /* main.m */ = {isa = PBXFileReference; lastKnownFileType = sourcecode.c.objc; path = main.m; sourceTree = "<group>"; };
		4006C7C61DABC6D100294FE4 /* AppDelegate.h */ = {isa = PBXFileReference; lastKnownFileType = sourcecode.c.h; path = AppDelegate.h; sourceTree = "<group>"; };
		4006C7C71DABC6D100294FE4 /* AppDelegate.m */ = {isa = PBXFileReference; lastKnownFileType = sourcecode.c.objc; path = AppDelegate.m; sourceTree = "<group>"; };
		4006C7C91DABC6D100294FE4 /* ViewController.h */ = {isa = PBXFileReference; lastKnownFileType = sourcecode.c.h; path = ViewController.h; sourceTree = "<group>"; };
		4006C7CA1DABC6D100294FE4 /* ViewController.m */ = {isa = PBXFileReference; lastKnownFileType = sourcecode.c.objc; path = ViewController.m; sourceTree = "<group>"; };
		4006C7CD1DABC6D100294FE4 /* Base */ = {isa = PBXFileReference; lastKnownFileType = file.storyboard; name = Base; path = Base.lproj/Main.storyboard; sourceTree = "<group>"; };
		4006C7CF1DABC6D100294FE4 /* Assets.xcassets */ = {isa = PBXFileReference; lastKnownFileType = folder.assetcatalog; path = Assets.xcassets; sourceTree = "<group>"; };
		4006C7D21DABC6D100294FE4 /* Base */ = {isa = PBXFileReference; lastKnownFileType = file.storyboard; name = Base; path = Base.lproj/LaunchScreen.storyboard; sourceTree = "<group>"; };
		4006C7D41DABC6D100294FE4 /* Info.plist */ = {isa = PBXFileReference; lastKnownFileType = text.plist.xml; path = Info.plist; sourceTree = "<group>"; };
		4006C7D91DABC6D100294FE4 /* TestAppTests.xctest */ = {isa = PBXFileReference; explicitFileType = wrapper.cfbundle; includeInIndex = 0; path = TestAppTests.xctest; sourceTree = BUILT_PRODUCTS_DIR; };
		4006C7DD1DABC6D100294FE4 /* TestAppTests.m */ = {isa = PBXFileReference; lastKnownFileType = sourcecode.c.objc; path = TestAppTests.m; sourceTree = "<group>"; };
		4006C7DF1DABC6D100294FE4 /* Info.plist */ = {isa = PBXFileReference; lastKnownFileType = text.plist.xml; path = Info.plist; sourceTree = "<group>"; };
		4006C7E41DABC6D100294FE4 /* TestAppUITests.xctest */ = {isa = PBXFileReference; explicitFileType = wrapper.cfbundle; includeInIndex = 0; path = TestAppUITests.xctest; sourceTree = BUILT_PRODUCTS_DIR; };
		4006C7E81DABC6D100294FE4 /* TestAppUITests.m */ = {isa = PBXFileReference; lastKnownFileType = sourcecode.c.objc; path = TestAppUITests.m; sourceTree = "<group>"; };
		4006C7EA1DABC6D100294FE4 /* Info.plist */ = {isa = PBXFileReference; lastKnownFileType = text.plist.xml; path = Info.plist; sourceTree = "<group>"; };
		56B4CFA708C603728F6BA64D /* Pods-TestApp.release.xcconfig */ = {isa = PBXFileReference; includeInIndex = 1; lastKnownFileType = text.xcconfig; name = "Pods-TestApp.release.xcconfig"; path = "Pods/Target Support Files/Pods-TestApp/Pods-TestApp.release.xcconfig"; sourceTree = "<group>"; };
		663105E76265AC5BBE9A0EFA /* libPods-TestAppTests.a */ = {isa = PBXFileReference; explicitFileType = archive.ar; includeInIndex = 0; path = "libPods-TestAppTests.a"; sourceTree = BUILT_PRODUCTS_DIR; };
		67316FC371E04510259419C7 /* Pods-TestAppTests.debug.xcconfig */ = {isa = PBXFileReference; includeInIndex = 1; lastKnownFileType = text.xcconfig; name = "Pods-TestAppTests.debug.xcconfig"; path = "Pods/Target Support Files/Pods-TestAppTests/Pods-TestAppTests.debug.xcconfig"; sourceTree = "<group>"; };
		7027537C667BE254CB38B4FC /* libPods-TestApp.a */ = {isa = PBXFileReference; explicitFileType = archive.ar; includeInIndex = 0; path = "libPods-TestApp.a"; sourceTree = BUILT_PRODUCTS_DIR; };
		BFD08C04BFC4C9BC922D5A21 /* libPods-TestAppUITests.a */ = {isa = PBXFileReference; explicitFileType = archive.ar; includeInIndex = 0; path = "libPods-TestAppUITests.a"; sourceTree = BUILT_PRODUCTS_DIR; };
		D151F7251BA8A35B8F0D5392 /* Pods-TestApp.debug.xcconfig */ = {isa = PBXFileReference; includeInIndex = 1; lastKnownFileType = text.xcconfig; name = "Pods-TestApp.debug.xcconfig"; path = "Pods/Target Support Files/Pods-TestApp/Pods-TestApp.debug.xcconfig"; sourceTree = "<group>"; };
		F81AE0DF6E77A6AFB45E927A /* Pods-TestAppUITests.release.xcconfig */ = {isa = PBXFileReference; includeInIndex = 1; lastKnownFileType = text.xcconfig; name = "Pods-TestAppUITests.release.xcconfig"; path = "Pods/Target Support Files/Pods-TestAppUITests/Pods-TestAppUITests.release.xcconfig"; sourceTree = "<group>"; };
/* End PBXFileReference section */

/* Begin PBXFrameworksBuildPhase section */
		4006C7BD1DABC6D000294FE4 /* Frameworks */ = {
			isa = PBXFrameworksBuildPhase;
			buildActionMask = 2147483647;
			files = (
				6F29B77AEF3EA22DE715C3CE /* libPods-TestApp.a in Frameworks */,
			);
			runOnlyForDeploymentPostprocessing = 0;
		};
		4006C7D61DABC6D100294FE4 /* Frameworks */ = {
			isa = PBXFrameworksBuildPhase;
			buildActionMask = 2147483647;
			files = (
				4ED3F259F97647BCF2A1F7D6 /* libPods-TestAppTests.a in Frameworks */,
			);
			runOnlyForDeploymentPostprocessing = 0;
		};
		4006C7E11DABC6D100294FE4 /* Frameworks */ = {
			isa = PBXFrameworksBuildPhase;
			buildActionMask = 2147483647;
			files = (
				A51621D71DB028280E42DF71 /* libPods-TestAppUITests.a in Frameworks */,
			);
			runOnlyForDeploymentPostprocessing = 0;
		};
/* End PBXFrameworksBuildPhase section */

/* Begin PBXGroup section */
		17AE95659C5E6B506716A81A /* Frameworks */ = {
			isa = PBXGroup;
			children = (
				7027537C667BE254CB38B4FC /* libPods-TestApp.a */,
				663105E76265AC5BBE9A0EFA /* libPods-TestAppTests.a */,
				BFD08C04BFC4C9BC922D5A21 /* libPods-TestAppUITests.a */,
			);
			name = Frameworks;
			sourceTree = "<group>";
		};
		4006C7B71DABC6D000294FE4 = {
			isa = PBXGroup;
			children = (
				4006C7C21DABC6D100294FE4 /* TestApp */,
				4006C7DC1DABC6D100294FE4 /* TestAppTests */,
				4006C7E71DABC6D100294FE4 /* TestAppUITests */,
				4006C7C11DABC6D100294FE4 /* Products */,
				C2B4528DEB71E669F60FF126 /* Pods */,
				17AE95659C5E6B506716A81A /* Frameworks */,
			);
			sourceTree = "<group>";
		};
		4006C7C11DABC6D100294FE4 /* Products */ = {
			isa = PBXGroup;
			children = (
				4006C7C01DABC6D100294FE4 /* TestApp.app */,
				4006C7D91DABC6D100294FE4 /* TestAppTests.xctest */,
				4006C7E41DABC6D100294FE4 /* TestAppUITests.xctest */,
			);
			name = Products;
			sourceTree = "<group>";
		};
		4006C7C21DABC6D100294FE4 /* TestApp */ = {
			isa = PBXGroup;
			children = (
				4006C7C61DABC6D100294FE4 /* AppDelegate.h */,
				4006C7C71DABC6D100294FE4 /* AppDelegate.m */,
				4006C7C91DABC6D100294FE4 /* ViewController.h */,
				4006C7CA1DABC6D100294FE4 /* ViewController.m */,
				4006C7CC1DABC6D100294FE4 /* Main.storyboard */,
				4006C7CF1DABC6D100294FE4 /* Assets.xcassets */,
				4006C7D11DABC6D100294FE4 /* LaunchScreen.storyboard */,
				4006C7D41DABC6D100294FE4 /* Info.plist */,
				4006C7C31DABC6D100294FE4 /* Supporting Files */,
			);
			path = TestApp;
			sourceTree = "<group>";
		};
		4006C7C31DABC6D100294FE4 /* Supporting Files */ = {
			isa = PBXGroup;
			children = (
				4006C7C41DABC6D100294FE4 /* main.m */,
			);
			name = "Supporting Files";
			sourceTree = "<group>";
		};
		4006C7DC1DABC6D100294FE4 /* TestAppTests */ = {
			isa = PBXGroup;
			children = (
				4006C7DD1DABC6D100294FE4 /* TestAppTests.m */,
				4006C7DF1DABC6D100294FE4 /* Info.plist */,
			);
			path = TestAppTests;
			sourceTree = "<group>";
		};
		4006C7E71DABC6D100294FE4 /* TestAppUITests */ = {
			isa = PBXGroup;
			children = (
				4006C7E81DABC6D100294FE4 /* TestAppUITests.m */,
				4006C7EA1DABC6D100294FE4 /* Info.plist */,
			);
			path = TestAppUITests;
			sourceTree = "<group>";
		};
		C2B4528DEB71E669F60FF126 /* Pods */ = {
			isa = PBXGroup;
			children = (
				D151F7251BA8A35B8F0D5392 /* Pods-TestApp.debug.xcconfig */,
				56B4CFA708C603728F6BA64D /* Pods-TestApp.release.xcconfig */,
				67316FC371E04510259419C7 /* Pods-TestAppTests.debug.xcconfig */,
				17443BAD55B26D236CBF6C17 /* Pods-TestAppTests.release.xcconfig */,
				3B71425EF808B144C99AA2F7 /* Pods-TestAppUITests.debug.xcconfig */,
				F81AE0DF6E77A6AFB45E927A /* Pods-TestAppUITests.release.xcconfig */,
			);
			name = Pods;
			sourceTree = "<group>";
		};
/* End PBXGroup section */

/* Begin PBXNativeTarget section */
		4006C7BF1DABC6D000294FE4 /* TestApp */ = {
			isa = PBXNativeTarget;
			buildConfigurationList = 4006C7ED1DABC6D100294FE4 /* Build configuration list for PBXNativeTarget "TestApp" */;
			buildPhases = (
				952298214DCFCB5035C7DBF9 /* [CP] Check Pods Manifest.lock */,
				4006C7BC1DABC6D000294FE4 /* Sources */,
				4006C7BD1DABC6D000294FE4 /* Frameworks */,
				4006C7BE1DABC6D000294FE4 /* Resources */,
				19588A60F6DF79577FC67D73 /* [CP] Embed Pods Frameworks */,
				71697B073DAE0BF2EFB74B6C /* [CP] Copy Pods Resources */,
			);
			buildRules = (
			);
			dependencies = (
			);
			name = TestApp;
			productName = TestApp;
			productReference = 4006C7C01DABC6D100294FE4 /* TestApp.app */;
			productType = "com.apple.product-type.application";
		};
		4006C7D81DABC6D100294FE4 /* TestAppTests */ = {
			isa = PBXNativeTarget;
			buildConfigurationList = 4006C7F01DABC6D100294FE4 /* Build configuration list for PBXNativeTarget "TestAppTests" */;
			buildPhases = (
				04573DFC1F5B6D16BDAAD034 /* [CP] Check Pods Manifest.lock */,
				4006C7D51DABC6D100294FE4 /* Sources */,
				4006C7D61DABC6D100294FE4 /* Frameworks */,
				4006C7D71DABC6D100294FE4 /* Resources */,
				55A9ED9204D3EEDF9CE5D479 /* [CP] Embed Pods Frameworks */,
				7795735C024BA3FA587752AD /* [CP] Copy Pods Resources */,
			);
			buildRules = (
			);
			dependencies = (
				4006C7DB1DABC6D100294FE4 /* PBXTargetDependency */,
			);
			name = TestAppTests;
			productName = TestAppTests;
			productReference = 4006C7D91DABC6D100294FE4 /* TestAppTests.xctest */;
			productType = "com.apple.product-type.bundle.unit-test";
		};
		4006C7E31DABC6D100294FE4 /* TestAppUITests */ = {
			isa = PBXNativeTarget;
			buildConfigurationList = 4006C7F31DABC6D100294FE4 /* Build configuration list for PBXNativeTarget "TestAppUITests" */;
			buildPhases = (
				BEF23FEB235048632644BB01 /* [CP] Check Pods Manifest.lock */,
				4006C7E01DABC6D100294FE4 /* Sources */,
				4006C7E11DABC6D100294FE4 /* Frameworks */,
				4006C7E21DABC6D100294FE4 /* Resources */,
				C49B1A75F5F93CBE548F4395 /* [CP] Embed Pods Frameworks */,
				05D90362C4632E32CC73905C /* [CP] Copy Pods Resources */,
			);
			buildRules = (
			);
			dependencies = (
				4006C7E61DABC6D100294FE4 /* PBXTargetDependency */,
			);
			name = TestAppUITests;
			productName = TestAppUITests;
			productReference = 4006C7E41DABC6D100294FE4 /* TestAppUITests.xctest */;
			productType = "com.apple.product-type.bundle.ui-testing";
		};
/* End PBXNativeTarget section */

/* Begin PBXProject section */
		4006C7B81DABC6D000294FE4 /* Project object */ = {
			isa = PBXProject;
			attributes = {
				LastUpgradeCheck = 0800;
				ORGANIZATIONNAME = "Matthias Wenz";
				TargetAttributes = {
					4006C7BF1DABC6D000294FE4 = {
						CreatedOnToolsVersion = 8.0;
						DevelopmentTeam = 29UTQE9JS9;
						ProvisioningStyle = Automatic;
					};
					4006C7D81DABC6D100294FE4 = {
						CreatedOnToolsVersion = 8.0;
						DevelopmentTeam = P3FDR2HY6W;
						ProvisioningStyle = Automatic;
						TestTargetID = 4006C7BF1DABC6D000294FE4;
					};
					4006C7E31DABC6D100294FE4 = {
						CreatedOnToolsVersion = 8.0;
						DevelopmentTeam = P3FDR2HY6W;
						ProvisioningStyle = Automatic;
						TestTargetID = 4006C7BF1DABC6D000294FE4;
					};
				};
			};
			buildConfigurationList = 4006C7BB1DABC6D000294FE4 /* Build configuration list for PBXProject "TestApp" */;
			compatibilityVersion = "Xcode 3.2";
			developmentRegion = English;
			hasScannedForEncodings = 0;
			knownRegions = (
				en,
				Base,
			);
			mainGroup = 4006C7B71DABC6D000294FE4;
			productRefGroup = 4006C7C11DABC6D100294FE4 /* Products */;
			projectDirPath = "";
			projectRoot = "";
			targets = (
				4006C7BF1DABC6D000294FE4 /* TestApp */,
				4006C7D81DABC6D100294FE4 /* TestAppTests */,
				4006C7E31DABC6D100294FE4 /* TestAppUITests */,
			);
		};
/* End PBXProject section */

/* Begin PBXResourcesBuildPhase section */
		4006C7BE1DABC6D000294FE4 /* Resources */ = {
			isa = PBXResourcesBuildPhase;
			buildActionMask = 2147483647;
			files = (
				4006C7D31DABC6D100294FE4 /* LaunchScreen.storyboard in Resources */,
				4006C7D01DABC6D100294FE4 /* Assets.xcassets in Resources */,
				4006C7CE1DABC6D100294FE4 /* Main.storyboard in Resources */,
			);
			runOnlyForDeploymentPostprocessing = 0;
		};
		4006C7D71DABC6D100294FE4 /* Resources */ = {
			isa = PBXResourcesBuildPhase;
			buildActionMask = 2147483647;
			files = (
			);
			runOnlyForDeploymentPostprocessing = 0;
		};
		4006C7E21DABC6D100294FE4 /* Resources */ = {
			isa = PBXResourcesBuildPhase;
			buildActionMask = 2147483647;
			files = (
			);
			runOnlyForDeploymentPostprocessing = 0;
		};
/* End PBXResourcesBuildPhase section */

/* Begin PBXShellScriptBuildPhase section */
		04573DFC1F5B6D16BDAAD034 /* [CP] Check Pods Manifest.lock */ = {
			isa = PBXShellScriptBuildPhase;
			buildActionMask = 2147483647;
			files = (
			);
			inputPaths = (
			);
			name = "[CP] Check Pods Manifest.lock";
			outputPaths = (
			);
			runOnlyForDeploymentPostprocessing = 0;
			shellPath = /bin/sh;
			shellScript = "diff \"${PODS_ROOT}/../Podfile.lock\" \"${PODS_ROOT}/Manifest.lock\" > /dev/null\nif [ $? != 0 ] ; then\n    # print error to STDERR\n    echo \"error: The sandbox is not in sync with the Podfile.lock. Run 'pod install' or update your CocoaPods installation.\" >&2\n    exit 1\nfi\n";
			showEnvVarsInLog = 0;
		};
		05D90362C4632E32CC73905C /* [CP] Copy Pods Resources */ = {
			isa = PBXShellScriptBuildPhase;
			buildActionMask = 2147483647;
			files = (
			);
			inputPaths = (
			);
			name = "[CP] Copy Pods Resources";
			outputPaths = (
			);
			runOnlyForDeploymentPostprocessing = 0;
			shellPath = /bin/sh;
			shellScript = "\"${SRCROOT}/Pods/Target Support Files/Pods-TestAppUITests/Pods-TestAppUITests-resources.sh\"\n";
			showEnvVarsInLog = 0;
		};
		19588A60F6DF79577FC67D73 /* [CP] Embed Pods Frameworks */ = {
			isa = PBXShellScriptBuildPhase;
			buildActionMask = 2147483647;
			files = (
			);
			inputPaths = (
			);
			name = "[CP] Embed Pods Frameworks";
			outputPaths = (
			);
			runOnlyForDeploymentPostprocessing = 0;
			shellPath = /bin/sh;
			shellScript = "\"${SRCROOT}/Pods/Target Support Files/Pods-TestApp/Pods-TestApp-frameworks.sh\"\n";
			showEnvVarsInLog = 0;
		};
		55A9ED9204D3EEDF9CE5D479 /* [CP] Embed Pods Frameworks */ = {
			isa = PBXShellScriptBuildPhase;
			buildActionMask = 2147483647;
			files = (
			);
			inputPaths = (
			);
			name = "[CP] Embed Pods Frameworks";
			outputPaths = (
			);
			runOnlyForDeploymentPostprocessing = 0;
			shellPath = /bin/sh;
			shellScript = "\"${SRCROOT}/Pods/Target Support Files/Pods-TestAppTests/Pods-TestAppTests-frameworks.sh\"\n";
			showEnvVarsInLog = 0;
		};
		71697B073DAE0BF2EFB74B6C /* [CP] Copy Pods Resources */ = {
			isa = PBXShellScriptBuildPhase;
			buildActionMask = 2147483647;
			files = (
			);
			inputPaths = (
			);
			name = "[CP] Copy Pods Resources";
			outputPaths = (
			);
			runOnlyForDeploymentPostprocessing = 0;
			shellPath = /bin/sh;
			shellScript = "\"${SRCROOT}/Pods/Target Support Files/Pods-TestApp/Pods-TestApp-resources.sh\"\n";
			showEnvVarsInLog = 0;
		};
		7795735C024BA3FA587752AD /* [CP] Copy Pods Resources */ = {
			isa = PBXShellScriptBuildPhase;
			buildActionMask = 2147483647;
			files = (
			);
			inputPaths = (
			);
			name = "[CP] Copy Pods Resources";
			outputPaths = (
			);
			runOnlyForDeploymentPostprocessing = 0;
			shellPath = /bin/sh;
			shellScript = "\"${SRCROOT}/Pods/Target Support Files/Pods-TestAppTests/Pods-TestAppTests-resources.sh\"\n";
			showEnvVarsInLog = 0;
		};
		952298214DCFCB5035C7DBF9 /* [CP] Check Pods Manifest.lock */ = {
			isa = PBXShellScriptBuildPhase;
			buildActionMask = 2147483647;
			files = (
			);
			inputPaths = (
			);
			name = "[CP] Check Pods Manifest.lock";
			outputPaths = (
			);
			runOnlyForDeploymentPostprocessing = 0;
			shellPath = /bin/sh;
			shellScript = "diff \"${PODS_ROOT}/../Podfile.lock\" \"${PODS_ROOT}/Manifest.lock\" > /dev/null\nif [ $? != 0 ] ; then\n    # print error to STDERR\n    echo \"error: The sandbox is not in sync with the Podfile.lock. Run 'pod install' or update your CocoaPods installation.\" >&2\n    exit 1\nfi\n";
			showEnvVarsInLog = 0;
		};
		BEF23FEB235048632644BB01 /* [CP] Check Pods Manifest.lock */ = {
			isa = PBXShellScriptBuildPhase;
			buildActionMask = 2147483647;
			files = (
			);
			inputPaths = (
			);
			name = "[CP] Check Pods Manifest.lock";
			outputPaths = (
			);
			runOnlyForDeploymentPostprocessing = 0;
			shellPath = /bin/sh;
			shellScript = "diff \"${PODS_ROOT}/../Podfile.lock\" \"${PODS_ROOT}/Manifest.lock\" > /dev/null\nif [ $? != 0 ] ; then\n    # print error to STDERR\n    echo \"error: The sandbox is not in sync with the Podfile.lock. Run 'pod install' or update your CocoaPods installation.\" >&2\n    exit 1\nfi\n";
			showEnvVarsInLog = 0;
		};
		C49B1A75F5F93CBE548F4395 /* [CP] Embed Pods Frameworks */ = {
			isa = PBXShellScriptBuildPhase;
			buildActionMask = 2147483647;
			files = (
			);
			inputPaths = (
			);
			name = "[CP] Embed Pods Frameworks";
			outputPaths = (
			);
			runOnlyForDeploymentPostprocessing = 0;
			shellPath = /bin/sh;
			shellScript = "\"${SRCROOT}/Pods/Target Support Files/Pods-TestAppUITests/Pods-TestAppUITests-frameworks.sh\"\n";
			showEnvVarsInLog = 0;
		};
/* End PBXShellScriptBuildPhase section */

/* Begin PBXSourcesBuildPhase section */
		4006C7BC1DABC6D000294FE4 /* Sources */ = {
			isa = PBXSourcesBuildPhase;
			buildActionMask = 2147483647;
			files = (
				4006C7CB1DABC6D100294FE4 /* ViewController.m in Sources */,
				4006C7C81DABC6D100294FE4 /* AppDelegate.m in Sources */,
				4006C7C51DABC6D100294FE4 /* main.m in Sources */,
			);
			runOnlyForDeploymentPostprocessing = 0;
		};
		4006C7D51DABC6D100294FE4 /* Sources */ = {
			isa = PBXSourcesBuildPhase;
			buildActionMask = 2147483647;
			files = (
				4006C7DE1DABC6D100294FE4 /* TestAppTests.m in Sources */,
			);
			runOnlyForDeploymentPostprocessing = 0;
		};
		4006C7E01DABC6D100294FE4 /* Sources */ = {
			isa = PBXSourcesBuildPhase;
			buildActionMask = 2147483647;
			files = (
				4006C7E91DABC6D100294FE4 /* TestAppUITests.m in Sources */,
			);
			runOnlyForDeploymentPostprocessing = 0;
		};
/* End PBXSourcesBuildPhase section */

/* Begin PBXTargetDependency section */
		4006C7DB1DABC6D100294FE4 /* PBXTargetDependency */ = {
			isa = PBXTargetDependency;
			target = 4006C7BF1DABC6D000294FE4 /* TestApp */;
			targetProxy = 4006C7DA1DABC6D100294FE4 /* PBXContainerItemProxy */;
		};
		4006C7E61DABC6D100294FE4 /* PBXTargetDependency */ = {
			isa = PBXTargetDependency;
			target = 4006C7BF1DABC6D000294FE4 /* TestApp */;
			targetProxy = 4006C7E51DABC6D100294FE4 /* PBXContainerItemProxy */;
		};
/* End PBXTargetDependency section */

/* Begin PBXVariantGroup section */
		4006C7CC1DABC6D100294FE4 /* Main.storyboard */ = {
			isa = PBXVariantGroup;
			children = (
				4006C7CD1DABC6D100294FE4 /* Base */,
			);
			name = Main.storyboard;
			sourceTree = "<group>";
		};
		4006C7D11DABC6D100294FE4 /* LaunchScreen.storyboard */ = {
			isa = PBXVariantGroup;
			children = (
				4006C7D21DABC6D100294FE4 /* Base */,
			);
			name = LaunchScreen.storyboard;
			sourceTree = "<group>";
		};
/* End PBXVariantGroup section */

/* Begin XCBuildConfiguration section */
		4006C7EB1DABC6D100294FE4 /* Debug */ = {
			isa = XCBuildConfiguration;
			buildSettings = {
				ALWAYS_SEARCH_USER_PATHS = NO;
				CLANG_ANALYZER_NONNULL = YES;
				CLANG_CXX_LANGUAGE_STANDARD = "gnu++0x";
				CLANG_CXX_LIBRARY = "libc++";
				CLANG_ENABLE_MODULES = YES;
				CLANG_ENABLE_OBJC_ARC = YES;
				CLANG_WARN_BOOL_CONVERSION = YES;
				CLANG_WARN_CONSTANT_CONVERSION = YES;
				CLANG_WARN_DIRECT_OBJC_ISA_USAGE = YES_ERROR;
				CLANG_WARN_DOCUMENTATION_COMMENTS = YES;
				CLANG_WARN_EMPTY_BODY = YES;
				CLANG_WARN_ENUM_CONVERSION = YES;
				CLANG_WARN_INFINITE_RECURSION = YES;
				CLANG_WARN_INT_CONVERSION = YES;
				CLANG_WARN_OBJC_ROOT_CLASS = YES_ERROR;
				CLANG_WARN_SUSPICIOUS_MOVES = YES;
				CLANG_WARN_UNREACHABLE_CODE = YES;
				CLANG_WARN__DUPLICATE_METHOD_MATCH = YES;
				"CODE_SIGN_IDENTITY[sdk=iphoneos*]" = "iPhone Developer";
				COPY_PHASE_STRIP = NO;
				DEBUG_INFORMATION_FORMAT = dwarf;
				ENABLE_STRICT_OBJC_MSGSEND = YES;
				ENABLE_TESTABILITY = YES;
				GCC_C_LANGUAGE_STANDARD = gnu99;
				GCC_DYNAMIC_NO_PIC = NO;
				GCC_NO_COMMON_BLOCKS = YES;
				GCC_OPTIMIZATION_LEVEL = 0;
				GCC_PREPROCESSOR_DEFINITIONS = (
					"DEBUG=1",
					"$(inherited)",
				);
				GCC_WARN_64_TO_32_BIT_CONVERSION = YES;
				GCC_WARN_ABOUT_RETURN_TYPE = YES_ERROR;
				GCC_WARN_UNDECLARED_SELECTOR = YES;
				GCC_WARN_UNINITIALIZED_AUTOS = YES_AGGRESSIVE;
				GCC_WARN_UNUSED_FUNCTION = YES;
				GCC_WARN_UNUSED_VARIABLE = YES;
				IPHONEOS_DEPLOYMENT_TARGET = 10.0;
				MTL_ENABLE_DEBUG_INFO = YES;
				ONLY_ACTIVE_ARCH = YES;
				SDKROOT = iphoneos;
				TARGETED_DEVICE_FAMILY = "1,2";
			};
			name = Debug;
		};
		4006C7EC1DABC6D100294FE4 /* Release */ = {
			isa = XCBuildConfiguration;
			buildSettings = {
				ALWAYS_SEARCH_USER_PATHS = NO;
				CLANG_ANALYZER_NONNULL = YES;
				CLANG_CXX_LANGUAGE_STANDARD = "gnu++0x";
				CLANG_CXX_LIBRARY = "libc++";
				CLANG_ENABLE_MODULES = YES;
				CLANG_ENABLE_OBJC_ARC = YES;
				CLANG_WARN_BOOL_CONVERSION = YES;
				CLANG_WARN_CONSTANT_CONVERSION = YES;
				CLANG_WARN_DIRECT_OBJC_ISA_USAGE = YES_ERROR;
				CLANG_WARN_DOCUMENTATION_COMMENTS = YES;
				CLANG_WARN_EMPTY_BODY = YES;
				CLANG_WARN_ENUM_CONVERSION = YES;
				CLANG_WARN_INFINITE_RECURSION = YES;
				CLANG_WARN_INT_CONVERSION = YES;
				CLANG_WARN_OBJC_ROOT_CLASS = YES_ERROR;
				CLANG_WARN_SUSPICIOUS_MOVES = YES;
				CLANG_WARN_UNREACHABLE_CODE = YES;
				CLANG_WARN__DUPLICATE_METHOD_MATCH = YES;
				"CODE_SIGN_IDENTITY[sdk=iphoneos*]" = "iPhone Developer";
				COPY_PHASE_STRIP = NO;
				DEBUG_INFORMATION_FORMAT = "dwarf-with-dsym";
				ENABLE_NS_ASSERTIONS = NO;
				ENABLE_STRICT_OBJC_MSGSEND = YES;
				GCC_C_LANGUAGE_STANDARD = gnu99;
				GCC_NO_COMMON_BLOCKS = YES;
				GCC_WARN_64_TO_32_BIT_CONVERSION = YES;
				GCC_WARN_ABOUT_RETURN_TYPE = YES_ERROR;
				GCC_WARN_UNDECLARED_SELECTOR = YES;
				GCC_WARN_UNINITIALIZED_AUTOS = YES_AGGRESSIVE;
				GCC_WARN_UNUSED_FUNCTION = YES;
				GCC_WARN_UNUSED_VARIABLE = YES;
				IPHONEOS_DEPLOYMENT_TARGET = 10.0;
				MTL_ENABLE_DEBUG_INFO = NO;
				SDKROOT = iphoneos;
				TARGETED_DEVICE_FAMILY = "1,2";
				VALIDATE_PRODUCT = YES;
			};
			name = Release;
		};
		4006C7EE1DABC6D100294FE4 /* Debug */ = {
			isa = XCBuildConfiguration;
			baseConfigurationReference = D151F7251BA8A35B8F0D5392 /* Pods-TestApp.debug.xcconfig */;
			buildSettings = {
				ASSETCATALOG_COMPILER_APPICON_NAME = AppIcon;
				DEVELOPMENT_TEAM = 29UTQE9JS9;
				INFOPLIST_FILE = TestApp/Info.plist;
				LD_RUNPATH_SEARCH_PATHS = "$(inherited) @executable_path/Frameworks";
				PRODUCT_BUNDLE_IDENTIFIER = de.bowstreet.TestApp;
				PRODUCT_NAME = "$(TARGET_NAME)";
			};
			name = Debug;
		};
		4006C7EF1DABC6D100294FE4 /* Release */ = {
			isa = XCBuildConfiguration;
			baseConfigurationReference = 56B4CFA708C603728F6BA64D /* Pods-TestApp.release.xcconfig */;
			buildSettings = {
				ASSETCATALOG_COMPILER_APPICON_NAME = AppIcon;
				DEVELOPMENT_TEAM = 29UTQE9JS9;
				INFOPLIST_FILE = TestApp/Info.plist;
				LD_RUNPATH_SEARCH_PATHS = "$(inherited) @executable_path/Frameworks";
				PRODUCT_BUNDLE_IDENTIFIER = de.bowstreet.TestApp;
				PRODUCT_NAME = "$(TARGET_NAME)";
			};
			name = Release;
		};
		4006C7F11DABC6D100294FE4 /* Debug */ = {
			isa = XCBuildConfiguration;
			baseConfigurationReference = 67316FC371E04510259419C7 /* Pods-TestAppTests.debug.xcconfig */;
			buildSettings = {
				BUNDLE_LOADER = "$(TEST_HOST)";
				DEVELOPMENT_TEAM = P3FDR2HY6W;
				INFOPLIST_FILE = TestAppTests/Info.plist;
				LD_RUNPATH_SEARCH_PATHS = "$(inherited) @executable_path/Frameworks @loader_path/Frameworks";
				PRODUCT_BUNDLE_IDENTIFIER = de.bowstreet.TestAppTests;
				PRODUCT_NAME = "$(TARGET_NAME)";
				TEST_HOST = "$(BUILT_PRODUCTS_DIR)/TestApp.app/TestApp";
			};
			name = Debug;
		};
		4006C7F21DABC6D100294FE4 /* Release */ = {
			isa = XCBuildConfiguration;
			baseConfigurationReference = 17443BAD55B26D236CBF6C17 /* Pods-TestAppTests.release.xcconfig */;
			buildSettings = {
				BUNDLE_LOADER = "$(TEST_HOST)";
				DEVELOPMENT_TEAM = P3FDR2HY6W;
				INFOPLIST_FILE = TestAppTests/Info.plist;
				LD_RUNPATH_SEARCH_PATHS = "$(inherited) @executable_path/Frameworks @loader_path/Frameworks";
				PRODUCT_BUNDLE_IDENTIFIER = de.bowstreet.TestAppTests;
				PRODUCT_NAME = "$(TARGET_NAME)";
				TEST_HOST = "$(BUILT_PRODUCTS_DIR)/TestApp.app/TestApp";
			};
			name = Release;
		};
		4006C7F41DABC6D100294FE4 /* Debug */ = {
			isa = XCBuildConfiguration;
			baseConfigurationReference = 3B71425EF808B144C99AA2F7 /* Pods-TestAppUITests.debug.xcconfig */;
			buildSettings = {
				DEVELOPMENT_TEAM = P3FDR2HY6W;
				INFOPLIST_FILE = TestAppUITests/Info.plist;
				LD_RUNPATH_SEARCH_PATHS = "$(inherited) @executable_path/Frameworks @loader_path/Frameworks";
				PRODUCT_BUNDLE_IDENTIFIER = de.bowstreet.TestAppUITests;
				PRODUCT_NAME = "$(TARGET_NAME)";
				TEST_TARGET_NAME = TestApp;
			};
			name = Debug;
		};
		4006C7F51DABC6D100294FE4 /* Release */ = {
			isa = XCBuildConfiguration;
			baseConfigurationReference = F81AE0DF6E77A6AFB45E927A /* Pods-TestAppUITests.release.xcconfig */;
			buildSettings = {
				DEVELOPMENT_TEAM = P3FDR2HY6W;
				INFOPLIST_FILE = TestAppUITests/Info.plist;
				LD_RUNPATH_SEARCH_PATHS = "$(inherited) @executable_path/Frameworks @loader_path/Frameworks";
				PRODUCT_BUNDLE_IDENTIFIER = de.bowstreet.TestAppUITests;
				PRODUCT_NAME = "$(TARGET_NAME)";
				TEST_TARGET_NAME = TestApp;
			};
			name = Release;
		};
/* End XCBuildConfiguration section */

/* Begin XCConfigurationList section */
		4006C7BB1DABC6D000294FE4 /* Build configuration list for PBXProject "TestApp" */ = {
			isa = XCConfigurationList;
			buildConfigurations = (
				4006C7EB1DABC6D100294FE4 /* Debug */,
				4006C7EC1DABC6D100294FE4 /* Release */,
			);
			defaultConfigurationIsVisible = 0;
			defaultConfigurationName = Release;
		};
		4006C7ED1DABC6D100294FE4 /* Build configuration list for PBXNativeTarget "TestApp" */ = {
			isa = XCConfigurationList;
			buildConfigurations = (
				4006C7EE1DABC6D100294FE4 /* Debug */,
				4006C7EF1DABC6D100294FE4 /* Release */,
			);
			defaultConfigurationIsVisible = 0;
		};
		4006C7F01DABC6D100294FE4 /* Build configuration list for PBXNativeTarget "TestAppTests" */ = {
			isa = XCConfigurationList;
			buildConfigurations = (
				4006C7F11DABC6D100294FE4 /* Debug */,
				4006C7F21DABC6D100294FE4 /* Release */,
			);
			defaultConfigurationIsVisible = 0;
		};
		4006C7F31DABC6D100294FE4 /* Build configuration list for PBXNativeTarget "TestAppUITests" */ = {
			isa = XCConfigurationList;
			buildConfigurations = (
				4006C7F41DABC6D100294FE4 /* Debug */,
				4006C7F51DABC6D100294FE4 /* Release */,
			);
			defaultConfigurationIsVisible = 0;
		};
/* End XCConfigurationList section */
	};
	rootObject = 4006C7B81DABC6D000294FE4 /* Project object */;
}
